
Microsoft Visual Studio Solution File, Format Version 12.00
# Visual Studio 15
VisualStudioVersion = 15.0.28307.539
MinimumVisualStudioVersion = 10.0.40219.1
Project("{FAE04EC0-301F-11D3-BF4B-00C04F79EFBC}") = "Game", "Game\Game.csproj", "{D17B4EF9-C3C2-4479-A178-9DAF1E83ECED}"
EndProject
Global
	GlobalSection(SolutionConfigurationPlatforms) = preSolution
		Debug|Any CPU = Debug|Any CPU
		Release|Any CPU = Release|Any CPU
	EndGlobalSection
	GlobalSection(ProjectConfigurationPlatforms) = postSolution
		{D17B4EF9-C3C2-4479-A178-9DAF1E83ECED}.Debug|Any CPU.ActiveCfg = Debug|Any CPU
		{D17B4EF9-C3C2-4479-A178-9DAF1E83ECED}.Debug|Any CPU.Build.0 = Debug|Any CPU
		{D17B4EF9-C3C2-4479-A178-9DAF1E83ECED}.Release|Any CPU.ActiveCfg = Release|Any CPU
		{D17B4EF9-C3C2-4479-A178-9DAF1E83ECED}.Release|Any CPU.Build.0 = Release|Any CPU
	EndGlobalSection
	GlobalSection(SolutionProperties) = preSolution
		HideSolutionNode = FALSE
	EndGlobalSection
	GlobalSection(ExtensibilityGlobals) = postSolution
		SolutionGuid = {D5C0FB79-7C41-42CD-9250-1BB36F0FCEC8}
	EndGlobalSection
EndGlobal
